// !$*UTF8*$!
{
	archiveVersion = 1;
	classes = {
	};
	objectVersion = 50;
	objects = {

/* Begin PBXBuildFile section */
		B69FC8FE2302E90600531350 /* AppDelegate.swift in Sources */ = {isa = PBXBuildFile; fileRef = B69FC8FD2302E90600531350 /* AppDelegate.swift */; };
		B69FC9002302E90600531350 /* NotesViewController.swift in Sources */ = {isa = PBXBuildFile; fileRef = B69FC8FF2302E90600531350 /* NotesViewController.swift */; };
		B69FC9032302E90600531350 /* Main.storyboard in Resources */ = {isa = PBXBuildFile; fileRef = B69FC9012302E90600531350 /* Main.storyboard */; };
		B69FC9052302E90700531350 /* Assets.xcassets in Resources */ = {isa = PBXBuildFile; fileRef = B69FC9042302E90700531350 /* Assets.xcassets */; };
		B69FC9082302E90700531350 /* LaunchScreen.storyboard in Resources */ = {isa = PBXBuildFile; fileRef = B69FC9062302E90700531350 /* LaunchScreen.storyboard */; };
		B69FC9102302F50F00531350 /* NoteTableViewCell.swift in Sources */ = {isa = PBXBuildFile; fileRef = B69FC90F2302F50F00531350 /* NoteTableViewCell.swift */; };
		B69FC9122302F66800531350 /* Note.swift in Sources */ = {isa = PBXBuildFile; fileRef = B69FC9112302F66800531350 /* Note.swift */; };
		B69FC91E230419FE00531350 /* NoteEditViewController.swift in Sources */ = {isa = PBXBuildFile; fileRef = B69FC91D230419FE00531350 /* NoteEditViewController.swift */; };
/* End PBXBuildFile section */

/* Begin PBXFileReference section */
		B69FC8FA2302E90600531350 /* Internal3Demo.app */ = {isa = PBXFileReference; explicitFileType = wrapper.application; includeInIndex = 0; path = Internal3Demo.app; sourceTree = BUILT_PRODUCTS_DIR; };
		B69FC8FD2302E90600531350 /* AppDelegate.swift */ = {isa = PBXFileReference; lastKnownFileType = sourcecode.swift; path = AppDelegate.swift; sourceTree = "<group>"; };
		B69FC8FF2302E90600531350 /* NotesViewController.swift */ = {isa = PBXFileReference; lastKnownFileType = sourcecode.swift; path = NotesViewController.swift; sourceTree = "<group>"; };
		B69FC9022302E90600531350 /* Base */ = {isa = PBXFileReference; lastKnownFileType = file.storyboard; name = Base; path = Base.lproj/Main.storyboard; sourceTree = "<group>"; };
		B69FC9042302E90700531350 /* Assets.xcassets */ = {isa = PBXFileReference; lastKnownFileType = folder.assetcatalog; path = Assets.xcassets; sourceTree = "<group>"; };
		B69FC9072302E90700531350 /* Base */ = {isa = PBXFileReference; lastKnownFileType = file.storyboard; name = Base; path = Base.lproj/LaunchScreen.storyboard; sourceTree = "<group>"; };
		B69FC9092302E90700531350 /* Info.plist */ = {isa = PBXFileReference; lastKnownFileType = text.plist.xml; path = Info.plist; sourceTree = "<group>"; };
		B69FC90F2302F50F00531350 /* NoteTableViewCell.swift */ = {isa = PBXFileReference; lastKnownFileType = sourcecode.swift; path = NoteTableViewCell.swift; sourceTree = "<group>"; };
		B69FC9112302F66800531350 /* Note.swift */ = {isa = PBXFileReference; lastKnownFileType = sourcecode.swift; path = Note.swift; sourceTree = "<group>"; };
		B69FC91D230419FE00531350 /* NoteEditViewController.swift */ = {isa = PBXFileReference; lastKnownFileType = sourcecode.swift; path = NoteEditViewController.swift; sourceTree = "<group>"; };
/* End PBXFileReference section */

/* Begin PBXFrameworksBuildPhase section */
		B69FC8F72302E90600531350 /* Frameworks */ = {
			isa = PBXFrameworksBuildPhase;
			buildActionMask = 2147483647;
			files = (
			);
			runOnlyForDeploymentPostprocessing = 0;
		};
/* End PBXFrameworksBuildPhase section */

/* Begin PBXGroup section */
		B69FC8F12302E90600531350 = {
			isa = PBXGroup;
			children = (
				B69FC8FC2302E90600531350 /* Internal3Demo */,
				B69FC8FB2302E90600531350 /* Products */,
			);
			sourceTree = "<group>";
		};
		B69FC8FB2302E90600531350 /* Products */ = {
			isa = PBXGroup;
			children = (
				B69FC8FA2302E90600531350 /* Internal3Demo.app */,
			);
			name = Products;
			sourceTree = "<group>";
		};
		B69FC8FC2302E90600531350 /* Internal3Demo */ = {
			isa = PBXGroup;
			children = (
				B69FC8FD2302E90600531350 /* AppDelegate.swift */,
				B69FC8FF2302E90600531350 /* NotesViewController.swift */,
				B69FC91D230419FE00531350 /* NoteEditViewController.swift */,
				B69FC9112302F66800531350 /* Note.swift */,
				B69FC9012302E90600531350 /* Main.storyboard */,
				B69FC90F2302F50F00531350 /* NoteTableViewCell.swift */,
				B69FC9042302E90700531350 /* Assets.xcassets */,
				B69FC9062302E90700531350 /* LaunchScreen.storyboard */,
				B69FC9092302E90700531350 /* Info.plist */,
			);
			path = Internal3Demo;
			sourceTree = "<group>";
		};
/* End PBXGroup section */

/* Begin PBXNativeTarget section */
		B69FC8F92302E90600531350 /* Internal3Demo */ = {
			isa = PBXNativeTarget;
			buildConfigurationList = B69FC90C2302E90700531350 /* Build configuration list for PBXNativeTarget "Internal3Demo" */;
			buildPhases = (
				B69FC8F62302E90600531350 /* Sources */,
				B69FC8F72302E90600531350 /* Frameworks */,
				B69FC8F82302E90600531350 /* Resources */,
			);
			buildRules = (
			);
			dependencies = (
			);
			name = Internal3Demo;
			productName = Internal3Demo;
			productReference = B69FC8FA2302E90600531350 /* Internal3Demo.app */;
			productType = "com.apple.product-type.application";
		};
/* End PBXNativeTarget section */

/* Begin PBXProject section */
		B69FC8F22302E90600531350 /* Project object */ = {
			isa = PBXProject;
			attributes = {
				LastSwiftUpdateCheck = 1030;
				LastUpgradeCheck = 1030;
				ORGANIZATIONNAME = "Vladislav Petrov";
				TargetAttributes = {
					B69FC8F92302E90600531350 = {
						CreatedOnToolsVersion = 10.3;
					};
				};
			};
			buildConfigurationList = B69FC8F52302E90600531350 /* Build configuration list for PBXProject "Internal3Demo" */;
			compatibilityVersion = "Xcode 9.3";
			developmentRegion = en;
			hasScannedForEncodings = 0;
			knownRegions = (
				en,
				Base,
			);
			mainGroup = B69FC8F12302E90600531350;
			productRefGroup = B69FC8FB2302E90600531350 /* Products */;
			projectDirPath = "";
			projectRoot = "";
			targets = (
				B69FC8F92302E90600531350 /* Internal3Demo */,
			);
		};
/* End PBXProject section */

/* Begin PBXResourcesBuildPhase section */
		B69FC8F82302E90600531350 /* Resources */ = {
			isa = PBXResourcesBuildPhase;
			buildActionMask = 2147483647;
			files = (
				B69FC9082302E90700531350 /* LaunchScreen.storyboard in Resources */,
				B69FC9052302E90700531350 /* Assets.xcassets in Resources */,
				B69FC9032302E90600531350 /* Main.storyboard in Resources */,
			);
			runOnlyForDeploymentPostprocessing = 0;
		};
/* End PBXResourcesBuildPhase section */

/* Begin PBXSourcesBuildPhase section */
		B69FC8F62302E90600531350 /* Sources */ = {
			isa = PBXSourcesBuildPhase;
			buildActionMask = 2147483647;
			files = (
				B69FC9002302E90600531350 /* NotesViewController.swift in Sources */,
				B69FC8FE2302E90600531350 /* AppDelegate.swift in Sources */,
				B69FC9102302F50F00531350 /* NoteTableViewCell.swift in Sources */,
				B69FC91E230419FE00531350 /* NoteEditViewController.swift in Sources */,
				B69FC9122302F66800531350 /* Note.swift in Sources */,
			);
			runOnlyForDeploymentPostprocessing = 0;
		};
/* End PBXSourcesBuildPhase section */

/* Begin PBXVariantGroup section */
		B69FC9012302E90600531350 /* Main.storyboard */ = {
			isa = PBXVariantGroup;
			children = (
				B69FC9022302E90600531350 /* Base */,
			);
			name = Main.storyboard;
			sourceTree = "<group>";
		};
		B69FC9062302E90700531350 /* LaunchScreen.storyboard */ = {
			isa = PBXVariantGroup;
			children = (
				B69FC9072302E90700531350 /* Base */,
			);
			name = LaunchScreen.storyboard;
			sourceTree = "<group>";
		};
/* End PBXVariantGroup section */

/* Begin XCBuildConfiguration section */
		B69FC90A2302E90700531350 /* Debug */ = {
			isa = XCBuildConfiguration;
			buildSettings = {
				ALWAYS_SEARCH_USER_PATHS = NO;
				CLANG_ANALYZER_NONNULL = YES;
				CLANG_ANALYZER_NUMBER_OBJECT_CONVERSION = YES_AGGRESSIVE;
				CLANG_CXX_LANGUAGE_STANDARD = "gnu++14";
				CLANG_CXX_LIBRARY = "libc++";
				CLANG_ENABLE_MODULES = YES;
				CLANG_ENABLE_OBJC_ARC = YES;
				CLANG_ENABLE_OBJC_WEAK = YES;
				CLANG_WARN_BLOCK_CAPTURE_AUTORELEASING = YES;
				CLANG_WARN_BOOL_CONVERSION = YES;
				CLANG_WARN_COMMA = YES;
				CLANG_WARN_CONSTANT_CONVERSION = YES;
				CLANG_WARN_DEPRECATED_OBJC_IMPLEMENTATIONS = YES;
				CLANG_WARN_DIRECT_OBJC_ISA_USAGE = YES_ERROR;
				CLANG_WARN_DOCUMENTATION_COMMENTS = YES;
				CLANG_WARN_EMPTY_BODY = YES;
				CLANG_WARN_ENUM_CONVERSION = YES;
				CLANG_WARN_INFINITE_RECURSION = YES;
				CLANG_WARN_INT_CONVERSION = YES;
				CLANG_WARN_NON_LITERAL_NULL_CONVERSION = YES;
				CLANG_WARN_OBJC_IMPLICIT_RETAIN_SELF = YES;
				CLANG_WARN_OBJC_LITERAL_CONVERSION = YES;
				CLANG_WARN_OBJC_ROOT_CLASS = YES_ERROR;
				CLANG_WARN_RANGE_LOOP_ANALYSIS = YES;
				CLANG_WARN_STRICT_PROTOTYPES = YES;
				CLANG_WARN_SUSPICIOUS_MOVE = YES;
				CLANG_WARN_UNGUARDED_AVAILABILITY = YES_AGGRESSIVE;
				CLANG_WARN_UNREACHABLE_CODE = YES;
				CLANG_WARN__DUPLICATE_METHOD_MATCH = YES;
				CODE_SIGN_IDENTITY = "iPhone Developer";
				COPY_PHASE_STRIP = NO;
				DEBUG_INFORMATION_FORMAT = dwarf;
				ENABLE_STRICT_OBJC_MSGSEND = YES;
				ENABLE_TESTABILITY = YES;
				GCC_C_LANGUAGE_STANDARD = gnu11;
				GCC_DYNAMIC_NO_PIC = NO;
				GCC_NO_COMMON_BLOCKS = YES;
				GCC_OPTIMIZATION_LEVEL = 0;
				GCC_PREPROCESSOR_DEFINITIONS = (
					"DEBUG=1",
					"$(inherited)",
				);
				GCC_WARN_64_TO_32_BIT_CONVERSION = YES;
				GCC_WARN_ABOUT_RETURN_TYPE = YES_ERROR;
				GCC_WARN_UNDECLARED_SELECTOR = YES;
				GCC_WARN_UNINITIALIZED_AUTOS = YES_AGGRESSIVE;
				GCC_WARN_UNUSED_FUNCTION = YES;
				GCC_WARN_UNUSED_VARIABLE = YES;
				IPHONEOS_DEPLOYMENT_TARGET = 12.4;
				MTL_ENABLE_DEBUG_INFO = INCLUDE_SOURCE;
				MTL_FAST_MATH = YES;
				ONLY_ACTIVE_ARCH = YES;
				SDKROOT = iphoneos;
				SWIFT_ACTIVE_COMPILATION_CONDITIONS = DEBUG;
				SWIFT_OPTIMIZATION_LEVEL = "-Onone";
			};
			name = Debug;
		};
		B69FC90B2302E90700531350 /* Release */ = {
			isa = XCBuildConfiguration;
			buildSettings = {
				ALWAYS_SEARCH_USER_PATHS = NO;
				CLANG_ANALYZER_NONNULL = YES;
				CLANG_ANALYZER_NUMBER_OBJECT_CONVERSION = YES_AGGRESSIVE;
				CLANG_CXX_LANGUAGE_STANDARD = "gnu++14";
				CLANG_CXX_LIBRARY = "libc++";
				CLANG_ENABLE_MODULES = YES;
				CLANG_ENABLE_OBJC_ARC = YES;
				CLANG_ENABLE_OBJC_WEAK = YES;
				CLANG_WARN_BLOCK_CAPTURE_AUTORELEASING = YES;
				CLANG_WARN_BOOL_CONVERSION = YES;
				CLANG_WARN_COMMA = YES;
				CLANG_WARN_CONSTANT_CONVERSION = YES;
				CLANG_WARN_DEPRECATED_OBJC_IMPLEMENTATIONS = YES;
				CLANG_WARN_DIRECT_OBJC_ISA_USAGE = YES_ERROR;
				CLANG_WARN_DOCUMENTATION_COMMENTS = YES;
				CLANG_WARN_EMPTY_BODY = YES;
				CLANG_WARN_ENUM_CONVERSION = YES;
				CLANG_WARN_INFINITE_RECURSION = YES;
				CLANG_WARN_INT_CONVERSION = YES;
				CLANG_WARN_NON_LITERAL_NULL_CONVERSION = YES;
				CLANG_WARN_OBJC_IMPLICIT_RETAIN_SELF = YES;
				CLANG_WARN_OBJC_LITERAL_CONVERSION = YES;
				CLANG_WARN_OBJC_ROOT_CLASS = YES_ERROR;
				CLANG_WARN_RANGE_LOOP_ANALYSIS = YES;
				CLANG_WARN_STRICT_PROTOTYPES = YES;
				CLANG_WARN_SUSPICIOUS_MOVE = YES;
				CLANG_WARN_UNGUARDED_AVAILABILITY = YES_AGGRESSIVE;
				CLANG_WARN_UNREACHABLE_CODE = YES;
				CLANG_WARN__DUPLICATE_METHOD_MATCH = YES;
				CODE_SIGN_IDENTITY = "iPhone Developer";
				COPY_PHASE_STRIP = NO;
				DEBUG_INFORMATION_FORMAT = "dwarf-with-dsym";
				ENABLE_NS_ASSERTIONS = NO;
				ENABLE_STRICT_OBJC_MSGSEND = YES;
				GCC_C_LANGUAGE_STANDARD = gnu11;
				GCC_NO_COMMON_BLOCKS = YES;
				GCC_WARN_64_TO_32_BIT_CONVERSION = YES;
				GCC_WARN_ABOUT_RETURN_TYPE = YES_ERROR;
				GCC_WARN_UNDECLARED_SELECTOR = YES;
				GCC_WARN_UNINITIALIZED_AUTOS = YES_AGGRESSIVE;
				GCC_WARN_UNUSED_FUNCTION = YES;
				GCC_WARN_UNUSED_VARIABLE = YES;
				IPHONEOS_DEPLOYMENT_TARGET = 12.4;
				MTL_ENABLE_DEBUG_INFO = NO;
				MTL_FAST_MATH = YES;
				SDKROOT = iphoneos;
				SWIFT_COMPILATION_MODE = wholemodule;
				SWIFT_OPTIMIZATION_LEVEL = "-O";
				VALIDATE_PRODUCT = YES;
			};
			name = Release;
		};
		B69FC90D2302E90700531350 /* Debug */ = {
			isa = XCBuildConfiguration;
			buildSettings = {
				ASSETCATALOG_COMPILER_APPICON_NAME = AppIcon;
				CODE_SIGN_STYLE = Automatic;
				INFOPLIST_FILE = Internal3Demo/Info.plist;
				LD_RUNPATH_SEARCH_PATHS = (
					"$(inherited)",
					"@executable_path/Frameworks",
				);
				PRODUCT_BUNDLE_IDENTIFIER = Home.Internal3Demo;
				PRODUCT_NAME = "$(TARGET_NAME)";
				SWIFT_VERSION = 5.0;
				TARGETED_DEVICE_FAMILY = "1,2";
			};
			name = Debug;
		};
		B69FC90E2302E90700531350 /* Release */ = {
			isa = XCBuildConfiguration;
			buildSettings = {
				ASSETCATALOG_COMPILER_APPICON_NAME = AppIcon;
				CODE_SIGN_STYLE = Automatic;
				INFOPLIST_FILE = Internal3Demo/Info.plist;
				LD_RUNPATH_SEARCH_PATHS = (
					"$(inherited)",
					"@executable_path/Frameworks",
				);
				PRODUCT_BUNDLE_IDENTIFIER = Home.Internal3Demo;
				PRODUCT_NAME = "$(TARGET_NAME)";
				SWIFT_VERSION = 5.0;
				TARGETED_DEVICE_FAMILY = "1,2";
			};
			name = Release;
		};
/* End XCBuildConfiguration section */

/* Begin XCConfigurationList section */
		B69FC8F52302E90600531350 /* Build configuration list for PBXProject "Internal3Demo" */ = {
			isa = XCConfigurationList;
			buildConfigurations = (
				B69FC90A2302E90700531350 /* Debug */,
				B69FC90B2302E90700531350 /* Release */,
			);
			defaultConfigurationIsVisible = 0;
			defaultConfigurationName = Release;
		};
		B69FC90C2302E90700531350 /* Build configuration list for PBXNativeTarget "Internal3Demo" */ = {
			isa = XCConfigurationList;
			buildConfigurations = (
				B69FC90D2302E90700531350 /* Debug */,
				B69FC90E2302E90700531350 /* Release */,
			);
			defaultConfigurationIsVisible = 0;
			defaultConfigurationName = Release;
		};
/* End XCConfigurationList section */
	};
	rootObject = B69FC8F22302E90600531350 /* Project object */;
}
